// !$*UTF8*$!
{
	archiveVersion = 1;
	classes = {
	};
	objectVersion = 50;
	objects = {

/* Begin PBXBuildFile section */
		3B6E5BA325756E9200BAB95F /* AppDelegate.swift in Sources */ = {isa = PBXBuildFile; fileRef = 3B6E5BA225756E9200BAB95F /* AppDelegate.swift */; };
		3B6E5BA525756E9200BAB95F /* SceneDelegate.swift in Sources */ = {isa = PBXBuildFile; fileRef = 3B6E5BA425756E9200BAB95F /* SceneDelegate.swift */; };
		3B6E5BA725756E9200BAB95F /* ContentView.swift in Sources */ = {isa = PBXBuildFile; fileRef = 3B6E5BA625756E9200BAB95F /* ContentView.swift */; };
		3B6E5BA925756E9800BAB95F /* Assets.xcassets in Resources */ = {isa = PBXBuildFile; fileRef = 3B6E5BA825756E9800BAB95F /* Assets.xcassets */; };
		3B6E5BAC25756E9800BAB95F /* Preview Assets.xcassets in Resources */ = {isa = PBXBuildFile; fileRef = 3B6E5BAB25756E9800BAB95F /* Preview Assets.xcassets */; };
		3B6E5BAF25756E9800BAB95F /* LaunchScreen.storyboard in Resources */ = {isa = PBXBuildFile; fileRef = 3B6E5BAD25756E9800BAB95F /* LaunchScreen.storyboard */; };
		3B6E5BBA257678E500BAB95F /* NetworkManager.swift in Sources */ = {isa = PBXBuildFile; fileRef = 3B6E5BB9257678E500BAB95F /* NetworkManager.swift */; };
		3B6E5BBD25767B4200BAB95F /* PostData.swift in Sources */ = {isa = PBXBuildFile; fileRef = 3B6E5BBC25767B4200BAB95F /* PostData.swift */; };
		3B6E5BC22576819300BAB95F /* DetailView.swift in Sources */ = {isa = PBXBuildFile; fileRef = 3B6E5BC12576819300BAB95F /* DetailView.swift */; };
		3B6E5BC52576865900BAB95F /* WebView.swift in Sources */ = {isa = PBXBuildFile; fileRef = 3B6E5BC42576865900BAB95F /* WebView.swift */; };
/* End PBXBuildFile section */

/* Begin PBXFileReference section */
		3B6E5B9F25756E9200BAB95F /* HackerNewsiOS-13-14.app */ = {isa = PBXFileReference; explicitFileType = wrapper.application; includeInIndex = 0; path = "HackerNewsiOS-13-14.app"; sourceTree = BUILT_PRODUCTS_DIR; };
		3B6E5BA225756E9200BAB95F /* AppDelegate.swift */ = {isa = PBXFileReference; lastKnownFileType = sourcecode.swift; path = AppDelegate.swift; sourceTree = "<group>"; };
		3B6E5BA425756E9200BAB95F /* SceneDelegate.swift */ = {isa = PBXFileReference; lastKnownFileType = sourcecode.swift; path = SceneDelegate.swift; sourceTree = "<group>"; };
		3B6E5BA625756E9200BAB95F /* ContentView.swift */ = {isa = PBXFileReference; lastKnownFileType = sourcecode.swift; path = ContentView.swift; sourceTree = "<group>"; };
		3B6E5BA825756E9800BAB95F /* Assets.xcassets */ = {isa = PBXFileReference; lastKnownFileType = folder.assetcatalog; path = Assets.xcassets; sourceTree = "<group>"; };
		3B6E5BAB25756E9800BAB95F /* Preview Assets.xcassets */ = {isa = PBXFileReference; lastKnownFileType = folder.assetcatalog; path = "Preview Assets.xcassets"; sourceTree = "<group>"; };
		3B6E5BAE25756E9800BAB95F /* Base */ = {isa = PBXFileReference; lastKnownFileType = file.storyboard; name = Base; path = Base.lproj/LaunchScreen.storyboard; sourceTree = "<group>"; };
		3B6E5BB025756E9800BAB95F /* Info.plist */ = {isa = PBXFileReference; lastKnownFileType = text.plist.xml; path = Info.plist; sourceTree = "<group>"; };
		3B6E5BB9257678E500BAB95F /* NetworkManager.swift */ = {isa = PBXFileReference; lastKnownFileType = sourcecode.swift; path = NetworkManager.swift; sourceTree = "<group>"; };
		3B6E5BBC25767B4200BAB95F /* PostData.swift */ = {isa = PBXFileReference; lastKnownFileType = sourcecode.swift; path = PostData.swift; sourceTree = "<group>"; };
		3B6E5BC12576819300BAB95F /* DetailView.swift */ = {isa = PBXFileReference; lastKnownFileType = sourcecode.swift; path = DetailView.swift; sourceTree = "<group>"; };
		3B6E5BC42576865900BAB95F /* WebView.swift */ = {isa = PBXFileReference; lastKnownFileType = sourcecode.swift; path = WebView.swift; sourceTree = "<group>"; };
		3B6E5BC7257689D500BAB95F /* HackerNewsiOS-13-14.entitlements */ = {isa = PBXFileReference; lastKnownFileType = text.plist.entitlements; path = "HackerNewsiOS-13-14.entitlements"; sourceTree = "<group>"; };
/* End PBXFileReference section */

/* Begin PBXFrameworksBuildPhase section */
		3B6E5B9C25756E9200BAB95F /* Frameworks */ = {
			isa = PBXFrameworksBuildPhase;
			buildActionMask = 2147483647;
			files = (
			);
			runOnlyForDeploymentPostprocessing = 0;
		};
/* End PBXFrameworksBuildPhase section */

/* Begin PBXGroup section */
		3B6E5B9625756E9200BAB95F = {
			isa = PBXGroup;
			children = (
				3B6E5BA125756E9200BAB95F /* HackerNewsiOS-13-14 */,
				3B6E5BA025756E9200BAB95F /* Products */,
			);
			sourceTree = "<group>";
		};
		3B6E5BA025756E9200BAB95F /* Products */ = {
			isa = PBXGroup;
			children = (
				3B6E5B9F25756E9200BAB95F /* HackerNewsiOS-13-14.app */,
			);
			name = Products;
			sourceTree = "<group>";
		};
		3B6E5BA125756E9200BAB95F /* HackerNewsiOS-13-14 */ = {
			isa = PBXGroup;
			children = (
				3B6E5BC7257689D500BAB95F /* HackerNewsiOS-13-14.entitlements */,
				3B6E5BB8257678CC00BAB95F /* Model */,
				3B6E5BA225756E9200BAB95F /* AppDelegate.swift */,
				3B6E5BA425756E9200BAB95F /* SceneDelegate.swift */,
				3B6E5BBF2576817900BAB95F /* View */,
				3B6E5BA825756E9800BAB95F /* Assets.xcassets */,
				3B6E5BAD25756E9800BAB95F /* LaunchScreen.storyboard */,
				3B6E5BB025756E9800BAB95F /* Info.plist */,
				3B6E5BAA25756E9800BAB95F /* Preview Content */,
			);
			path = "HackerNewsiOS-13-14";
			sourceTree = "<group>";
		};
		3B6E5BAA25756E9800BAB95F /* Preview Content */ = {
			isa = PBXGroup;
			children = (
				3B6E5BAB25756E9800BAB95F /* Preview Assets.xcassets */,
			);
			path = "Preview Content";
			sourceTree = "<group>";
		};
		3B6E5BB8257678CC00BAB95F /* Model */ = {
			isa = PBXGroup;
			children = (
				3B6E5BB9257678E500BAB95F /* NetworkManager.swift */,
				3B6E5BBC25767B4200BAB95F /* PostData.swift */,
			);
			path = Model;
			sourceTree = "<group>";
		};
		3B6E5BBF2576817900BAB95F /* View */ = {
			isa = PBXGroup;
			children = (
				3B6E5BA625756E9200BAB95F /* ContentView.swift */,
				3B6E5BC12576819300BAB95F /* DetailView.swift */,
				3B6E5BC42576865900BAB95F /* WebView.swift */,
			);
			path = View;
			sourceTree = "<group>";
		};
/* End PBXGroup section */

/* Begin PBXNativeTarget section */
		3B6E5B9E25756E9200BAB95F /* HackerNewsiOS-13-14 */ = {
			isa = PBXNativeTarget;
			buildConfigurationList = 3B6E5BB325756E9800BAB95F /* Build configuration list for PBXNativeTarget "HackerNewsiOS-13-14" */;
			buildPhases = (
				3B6E5B9B25756E9200BAB95F /* Sources */,
				3B6E5B9C25756E9200BAB95F /* Frameworks */,
				3B6E5B9D25756E9200BAB95F /* Resources */,
			);
			buildRules = (
			);
			dependencies = (
			);
			name = "HackerNewsiOS-13-14";
			productName = "HackerNewsiOS-13-14";
			productReference = 3B6E5B9F25756E9200BAB95F /* HackerNewsiOS-13-14.app */;
			productType = "com.apple.product-type.application";
		};
/* End PBXNativeTarget section */

/* Begin PBXProject section */
		3B6E5B9725756E9200BAB95F /* Project object */ = {
			isa = PBXProject;
			attributes = {
				LastSwiftUpdateCheck = 1210;
				LastUpgradeCheck = 1210;
				TargetAttributes = {
					3B6E5B9E25756E9200BAB95F = {
						CreatedOnToolsVersion = 12.1;
					};
				};
			};
			buildConfigurationList = 3B6E5B9A25756E9200BAB95F /* Build configuration list for PBXProject "HackerNewsiOS-13-14" */;
			compatibilityVersion = "Xcode 9.3";
			developmentRegion = en;
			hasScannedForEncodings = 0;
			knownRegions = (
				en,
				Base,
			);
			mainGroup = 3B6E5B9625756E9200BAB95F;
			productRefGroup = 3B6E5BA025756E9200BAB95F /* Products */;
			projectDirPath = "";
			projectRoot = "";
			targets = (
				3B6E5B9E25756E9200BAB95F /* HackerNewsiOS-13-14 */,
			);
		};
/* End PBXProject section */

/* Begin PBXResourcesBuildPhase section */
		3B6E5B9D25756E9200BAB95F /* Resources */ = {
			isa = PBXResourcesBuildPhase;
			buildActionMask = 2147483647;
			files = (
				3B6E5BAF25756E9800BAB95F /* LaunchScreen.storyboard in Resources */,
				3B6E5BAC25756E9800BAB95F /* Preview Assets.xcassets in Resources */,
				3B6E5BA925756E9800BAB95F /* Assets.xcassets in Resources */,
			);
			runOnlyForDeploymentPostprocessing = 0;
		};
/* End PBXResourcesBuildPhase section */

/* Begin PBXSourcesBuildPhase section */
		3B6E5B9B25756E9200BAB95F /* Sources */ = {
			isa = PBXSourcesBuildPhase;
			buildActionMask = 2147483647;
			files = (
				3B6E5BBD25767B4200BAB95F /* PostData.swift in Sources */,
				3B6E5BC22576819300BAB95F /* DetailView.swift in Sources */,
				3B6E5BBA257678E500BAB95F /* NetworkManager.swift in Sources */,
				3B6E5BA325756E9200BAB95F /* AppDelegate.swift in Sources */,
				3B6E5BA525756E9200BAB95F /* SceneDelegate.swift in Sources */,
				3B6E5BA725756E9200BAB95F /* ContentView.swift in Sources */,
				3B6E5BC52576865900BAB95F /* WebView.swift in Sources */,
			);
			runOnlyForDeploymentPostprocessing = 0;
		};
/* End PBXSourcesBuildPhase section */

/* Begin PBXVariantGroup section */
		3B6E5BAD25756E9800BAB95F /* LaunchScreen.storyboard */ = {
			isa = PBXVariantGroup;
			children = (
				3B6E5BAE25756E9800BAB95F /* Base */,
			);
			name = LaunchScreen.storyboard;
			sourceTree = "<group>";
		};
/* End PBXVariantGroup section */

/* Begin XCBuildConfiguration section */
		3B6E5BB125756E9800BAB95F /* Debug */ = {
			isa = XCBuildConfiguration;
			buildSettings = {
				ALWAYS_SEARCH_USER_PATHS = NO;
				CLANG_ANALYZER_NONNULL = YES;
				CLANG_ANALYZER_NUMBER_OBJECT_CONVERSION = YES_AGGRESSIVE;
				CLANG_CXX_LANGUAGE_STANDARD = "gnu++14";
				CLANG_CXX_LIBRARY = "libc++";
				CLANG_ENABLE_MODULES = YES;
				CLANG_ENABLE_OBJC_ARC = YES;
				CLANG_ENABLE_OBJC_WEAK = YES;
				CLANG_WARN_BLOCK_CAPTURE_AUTORELEASING = YES;
				CLANG_WARN_BOOL_CONVERSION = YES;
				CLANG_WARN_COMMA = YES;
				CLANG_WARN_CONSTANT_CONVERSION = YES;
				CLANG_WARN_DEPRECATED_OBJC_IMPLEMENTATIONS = YES;
				CLANG_WARN_DIRECT_OBJC_ISA_USAGE = YES_ERROR;
				CLANG_WARN_DOCUMENTATION_COMMENTS = YES;
				CLANG_WARN_EMPTY_BODY = YES;
				CLANG_WARN_ENUM_CONVERSION = YES;
				CLANG_WARN_INFINITE_RECURSION = YES;
				CLANG_WARN_INT_CONVERSION = YES;
				CLANG_WARN_NON_LITERAL_NULL_CONVERSION = YES;
				CLANG_WARN_OBJC_IMPLICIT_RETAIN_SELF = YES;
				CLANG_WARN_OBJC_LITERAL_CONVERSION = YES;
				CLANG_WARN_OBJC_ROOT_CLASS = YES_ERROR;
				CLANG_WARN_QUOTED_INCLUDE_IN_FRAMEWORK_HEADER = YES;
				CLANG_WARN_RANGE_LOOP_ANALYSIS = YES;
				CLANG_WARN_STRICT_PROTOTYPES = YES;
				CLANG_WARN_SUSPICIOUS_MOVE = YES;
				CLANG_WARN_UNGUARDED_AVAILABILITY = YES_AGGRESSIVE;
				CLANG_WARN_UNREACHABLE_CODE = YES;
				CLANG_WARN__DUPLICATE_METHOD_MATCH = YES;
				COPY_PHASE_STRIP = NO;
				DEBUG_INFORMATION_FORMAT = dwarf;
				ENABLE_STRICT_OBJC_MSGSEND = YES;
				ENABLE_TESTABILITY = YES;
				GCC_C_LANGUAGE_STANDARD = gnu11;
				GCC_DYNAMIC_NO_PIC = NO;
				GCC_NO_COMMON_BLOCKS = YES;
				GCC_OPTIMIZATION_LEVEL = 0;
				GCC_PREPROCESSOR_DEFINITIONS = (
					"DEBUG=1",
					"$(inherited)",
				);
				GCC_WARN_64_TO_32_BIT_CONVERSION = YES;
				GCC_WARN_ABOUT_RETURN_TYPE = YES_ERROR;
				GCC_WARN_UNDECLARED_SELECTOR = YES;
				GCC_WARN_UNINITIALIZED_AUTOS = YES_AGGRESSIVE;
				GCC_WARN_UNUSED_FUNCTION = YES;
				GCC_WARN_UNUSED_VARIABLE = YES;
				IPHONEOS_DEPLOYMENT_TARGET = 14.1;
				MTL_ENABLE_DEBUG_INFO = INCLUDE_SOURCE;
				MTL_FAST_MATH = YES;
				ONLY_ACTIVE_ARCH = YES;
				SDKROOT = iphoneos;
				SWIFT_ACTIVE_COMPILATION_CONDITIONS = DEBUG;
				SWIFT_OPTIMIZATION_LEVEL = "-Onone";
			};
			name = Debug;
		};
		3B6E5BB225756E9800BAB95F /* Release */ = {
			isa = XCBuildConfiguration;
			buildSettings = {
				ALWAYS_SEARCH_USER_PATHS = NO;
				CLANG_ANALYZER_NONNULL = YES;
				CLANG_ANALYZER_NUMBER_OBJECT_CONVERSION = YES_AGGRESSIVE;
				CLANG_CXX_LANGUAGE_STANDARD = "gnu++14";
				CLANG_CXX_LIBRARY = "libc++";
				CLANG_ENABLE_MODULES = YES;
				CLANG_ENABLE_OBJC_ARC = YES;
				CLANG_ENABLE_OBJC_WEAK = YES;
				CLANG_WARN_BLOCK_CAPTURE_AUTORELEASING = YES;
				CLANG_WARN_BOOL_CONVERSION = YES;
				CLANG_WARN_COMMA = YES;
				CLANG_WARN_CONSTANT_CONVERSION = YES;
				CLANG_WARN_DEPRECATED_OBJC_IMPLEMENTATIONS = YES;
				CLANG_WARN_DIRECT_OBJC_ISA_USAGE = YES_ERROR;
				CLANG_WARN_DOCUMENTATION_COMMENTS = YES;
				CLANG_WARN_EMPTY_BODY = YES;
				CLANG_WARN_ENUM_CONVERSION = YES;
				CLANG_WARN_INFINITE_RECURSION = YES;
				CLANG_WARN_INT_CONVERSION = YES;
				CLANG_WARN_NON_LITERAL_NULL_CONVERSION = YES;
				CLANG_WARN_OBJC_IMPLICIT_RETAIN_SELF = YES;
				CLANG_WARN_OBJC_LITERAL_CONVERSION = YES;
				CLANG_WARN_OBJC_ROOT_CLASS = YES_ERROR;
				CLANG_WARN_QUOTED_INCLUDE_IN_FRAMEWORK_HEADER = YES;
				CLANG_WARN_RANGE_LOOP_ANALYSIS = YES;
				CLANG_WARN_STRICT_PROTOTYPES = YES;
				CLANG_WARN_SUSPICIOUS_MOVE = YES;
				CLANG_WARN_UNGUARDED_AVAILABILITY = YES_AGGRESSIVE;
				CLANG_WARN_UNREACHABLE_CODE = YES;
				CLANG_WARN__DUPLICATE_METHOD_MATCH = YES;
				COPY_PHASE_STRIP = NO;
				DEBUG_INFORMATION_FORMAT = "dwarf-with-dsym";
				ENABLE_NS_ASSERTIONS = NO;
				ENABLE_STRICT_OBJC_MSGSEND = YES;
				GCC_C_LANGUAGE_STANDARD = gnu11;
				GCC_NO_COMMON_BLOCKS = YES;
				GCC_WARN_64_TO_32_BIT_CONVERSION = YES;
				GCC_WARN_ABOUT_RETURN_TYPE = YES_ERROR;
				GCC_WARN_UNDECLARED_SELECTOR = YES;
				GCC_WARN_UNINITIALIZED_AUTOS = YES_AGGRESSIVE;
				GCC_WARN_UNUSED_FUNCTION = YES;
				GCC_WARN_UNUSED_VARIABLE = YES;
				IPHONEOS_DEPLOYMENT_TARGET = 14.1;
				MTL_ENABLE_DEBUG_INFO = NO;
				MTL_FAST_MATH = YES;
				SDKROOT = iphoneos;
				SWIFT_COMPILATION_MODE = wholemodule;
				SWIFT_OPTIMIZATION_LEVEL = "-O";
				VALIDATE_PRODUCT = YES;
			};
			name = Release;
		};
		3B6E5BB425756E9800BAB95F /* Debug */ = {
			isa = XCBuildConfiguration;
			buildSettings = {
				ASSETCATALOG_COMPILER_APPICON_NAME = AppIcon;
				ASSETCATALOG_COMPILER_GLOBAL_ACCENT_COLOR_NAME = AccentColor;
				CODE_SIGN_ENTITLEMENTS = "HackerNewsiOS-13-14/HackerNewsiOS-13-14.entitlements";
				"CODE_SIGN_IDENTITY[sdk=macosx*]" = "Apple Development";
				CODE_SIGN_STYLE = Automatic;
				DEVELOPMENT_ASSET_PATHS = "\"HackerNewsiOS-13-14/Preview Content\"";
				DEVELOPMENT_TEAM = 9TAUJ4K4VL;
				ENABLE_PREVIEWS = YES;
				INFOPLIST_FILE = "HackerNewsiOS-13-14/Info.plist";
				IPHONEOS_DEPLOYMENT_TARGET = 14.0;
				LD_RUNPATH_SEARCH_PATHS = (
					"$(inherited)",
					"@executable_path/Frameworks",
				);
				PRODUCT_BUNDLE_IDENTIFIER = "edu.self.developer.sonali.HackerNewsiOS-13-14";
				PRODUCT_NAME = "$(TARGET_NAME)";
				SUPPORTS_MACCATALYST = YES;
				SWIFT_VERSION = 5.0;
				TARGETED_DEVICE_FAMILY = "1,2";
			};
			name = Debug;
		};
		3B6E5BB525756E9800BAB95F /* Release */ = {
			isa = XCBuildConfiguration;
			buildSettings = {
				ASSETCATALOG_COMPILER_APPICON_NAME = AppIcon;
				ASSETCATALOG_COMPILER_GLOBAL_ACCENT_COLOR_NAME = AccentColor;
				CODE_SIGN_ENTITLEMENTS = "HackerNewsiOS-13-14/HackerNewsiOS-13-14.entitlements";
				"CODE_SIGN_IDENTITY[sdk=macosx*]" = "Apple Development";
				CODE_SIGN_STYLE = Automatic;
				DEVELOPMENT_ASSET_PATHS = "\"HackerNewsiOS-13-14/Preview Content\"";
				DEVELOPMENT_TEAM = 9TAUJ4K4VL;
				ENABLE_PREVIEWS = YES;
				INFOPLIST_FILE = "HackerNewsiOS-13-14/Info.plist";
				IPHONEOS_DEPLOYMENT_TARGET = 14.0;
				LD_RUNPATH_SEARCH_PATHS = (
					"$(inherited)",
					"@executable_path/Frameworks",
				);
				PRODUCT_BUNDLE_IDENTIFIER = "edu.self.developer.sonali.HackerNewsiOS-13-14";
				PRODUCT_NAME = "$(TARGET_NAME)";
				SUPPORTS_MACCATALYST = YES;
				SWIFT_VERSION = 5.0;
				TARGETED_DEVICE_FAMILY = "1,2";
			};
			name = Release;
		};
/* End XCBuildConfiguration section */

/* Begin XCConfigurationList section */
		3B6E5B9A25756E9200BAB95F /* Build configuration list for PBXProject "HackerNewsiOS-13-14" */ = {
			isa = XCConfigurationList;
			buildConfigurations = (
				3B6E5BB125756E9800BAB95F /* Debug */,
				3B6E5BB225756E9800BAB95F /* Release */,
			);
			defaultConfigurationIsVisible = 0;
			defaultConfigurationName = Release;
		};
		3B6E5BB325756E9800BAB95F /* Build configuration list for PBXNativeTarget "HackerNewsiOS-13-14" */ = {
			isa = XCConfigurationList;
			buildConfigurations = (
				3B6E5BB425756E9800BAB95F /* Debug */,
				3B6E5BB525756E9800BAB95F /* Release */,
			);
			defaultConfigurationIsVisible = 0;
			defaultConfigurationName = Release;
		};
/* End XCConfigurationList section */
	};
	rootObject = 3B6E5B9725756E9200BAB95F /* Project object */;
}
